
Microsoft Visual Studio Solution File, Format Version 12.00
# Visual Studio Version 16
VisualStudioVersion = 16.0.32106.194
MinimumVisualStudioVersion = 10.0.40219.1
Project("{FAE04EC0-301F-11D3-BF4B-00C04F79EFBC}") = "TouristDataStorage", "TouristDataStorage.csproj", "{50379ED4-3917-4465-9BFF-1D27591C3AAF}"
EndProject
Global
	GlobalSection(SolutionConfigurationPlatforms) = preSolution
		Debug|Any CPU = Debug|Any CPU
		Release|Any CPU = Release|Any CPU
	EndGlobalSection
	GlobalSection(ProjectConfigurationPlatforms) = postSolution
		{50379ED4-3917-4465-9BFF-1D27591C3AAF}.Debug|Any CPU.ActiveCfg = Debug|Any CPU
		{50379ED4-3917-4465-9BFF-1D27591C3AAF}.Debug|Any CPU.Build.0 = Debug|Any CPU
		{50379ED4-3917-4465-9BFF-1D27591C3AAF}.Release|Any CPU.ActiveCfg = Release|Any CPU
		{50379ED4-3917-4465-9BFF-1D27591C3AAF}.Release|Any CPU.Build.0 = Release|Any CPU
	EndGlobalSection
	GlobalSection(SolutionProperties) = preSolution
		HideSolutionNode = FALSE
	EndGlobalSection
	GlobalSection(ExtensibilityGlobals) = postSolution
		SolutionGuid = {A6FB7B7D-369D-46A2-9171-094BC140C631}
	EndGlobalSection
EndGlobal
