
Microsoft Visual Studio Solution File, Format Version 12.00
# Visual Studio Version 17
VisualStudioVersion = 17.2.32519.379
MinimumVisualStudioVersion = 10.0.40219.1
Project("{FAE04EC0-301F-11D3-BF4B-00C04F79EFBC}") = "SalonAppointment", "SalonAppointment.csproj", "{4897AD16-CB50-4219-9001-A4AA6BA63564}"
EndProject
Global
	GlobalSection(SolutionConfigurationPlatforms) = preSolution
		Debug|Any CPU = Debug|Any CPU
		Release|Any CPU = Release|Any CPU
	EndGlobalSection
	GlobalSection(ProjectConfigurationPlatforms) = postSolution
		{4897AD16-CB50-4219-9001-A4AA6BA63564}.Debug|Any CPU.ActiveCfg = Debug|Any CPU
		{4897AD16-CB50-4219-9001-A4AA6BA63564}.Debug|Any CPU.Build.0 = Debug|Any CPU
		{4897AD16-CB50-4219-9001-A4AA6BA63564}.Release|Any CPU.ActiveCfg = Release|Any CPU
		{4897AD16-CB50-4219-9001-A4AA6BA63564}.Release|Any CPU.Build.0 = Release|Any CPU
	EndGlobalSection
	GlobalSection(SolutionProperties) = preSolution
		HideSolutionNode = FALSE
	EndGlobalSection
	GlobalSection(ExtensibilityGlobals) = postSolution
		SolutionGuid = {CCB929A2-1791-4D8B-928D-4EAA42D87D1F}
	EndGlobalSection
EndGlobal
