
Microsoft Visual Studio Solution File, Format Version 12.00
# Visual Studio Version 16
VisualStudioVersion = 16.0.32106.194
MinimumVisualStudioVersion = 10.0.40219.1
Project("{FAE04EC0-301F-11D3-BF4B-00C04F79EFBC}") = "Translation", "Translation\Translation.csproj", "{C068A145-D834-4DC4-BBAB-851A049C0471}"
EndProject
Global
	GlobalSection(SolutionConfigurationPlatforms) = preSolution
		Debug|Any CPU = Debug|Any CPU
		Release|Any CPU = Release|Any CPU
	EndGlobalSection
	GlobalSection(ProjectConfigurationPlatforms) = postSolution
		{C068A145-D834-4DC4-BBAB-851A049C0471}.Debug|Any CPU.ActiveCfg = Debug|Any CPU
		{C068A145-D834-4DC4-BBAB-851A049C0471}.Debug|Any CPU.Build.0 = Debug|Any CPU
		{C068A145-D834-4DC4-BBAB-851A049C0471}.Release|Any CPU.ActiveCfg = Release|Any CPU
		{C068A145-D834-4DC4-BBAB-851A049C0471}.Release|Any CPU.Build.0 = Release|Any CPU
	EndGlobalSection
	GlobalSection(SolutionProperties) = preSolution
		HideSolutionNode = FALSE
	EndGlobalSection
	GlobalSection(ExtensibilityGlobals) = postSolution
		SolutionGuid = {7235586A-E2DF-4953-9158-FDAC27D5492B}
	EndGlobalSection
EndGlobal
