
Microsoft Visual Studio Solution File, Format Version 12.00
# Visual Studio Version 17
VisualStudioVersion = 17.1.32421.90
MinimumVisualStudioVersion = 10.0.40219.1
Project("{FAE04EC0-301F-11D3-BF4B-00C04F79EFBC}") = "ConsoleApp1", "ConsoleApp1.csproj", "{11606E63-0AEC-448F-99BE-8B2F57B70D01}"
EndProject
Global
	GlobalSection(SolutionConfigurationPlatforms) = preSolution
		Debug|Any CPU = Debug|Any CPU
		Release|Any CPU = Release|Any CPU
	EndGlobalSection
	GlobalSection(ProjectConfigurationPlatforms) = postSolution
		{11606E63-0AEC-448F-99BE-8B2F57B70D01}.Debug|Any CPU.ActiveCfg = Debug|Any CPU
		{11606E63-0AEC-448F-99BE-8B2F57B70D01}.Debug|Any CPU.Build.0 = Debug|Any CPU
		{11606E63-0AEC-448F-99BE-8B2F57B70D01}.Release|Any CPU.ActiveCfg = Release|Any CPU
		{11606E63-0AEC-448F-99BE-8B2F57B70D01}.Release|Any CPU.Build.0 = Release|Any CPU
	EndGlobalSection
	GlobalSection(SolutionProperties) = preSolution
		HideSolutionNode = FALSE
	EndGlobalSection
	GlobalSection(ExtensibilityGlobals) = postSolution
		SolutionGuid = {2AB62A08-D27A-4DB9-AFEE-BD2A09843EB8}
	EndGlobalSection
EndGlobal
