
Microsoft Visual Studio Solution File, Format Version 12.00
# Visual Studio Version 17
VisualStudioVersion = 17.2.32519.379
MinimumVisualStudioVersion = 10.0.40219.1
Project("{FAE04EC0-301F-11D3-BF4B-00C04F79EFBC}") = "WpfApp1", "WpfApp1.csproj", "{245DB807-4EB7-40F1-9469-EFB977F7E075}"
EndProject
Global
	GlobalSection(SolutionConfigurationPlatforms) = preSolution
		Debug|Any CPU = Debug|Any CPU
		Release|Any CPU = Release|Any CPU
	EndGlobalSection
	GlobalSection(ProjectConfigurationPlatforms) = postSolution
		{245DB807-4EB7-40F1-9469-EFB977F7E075}.Debug|Any CPU.ActiveCfg = Debug|Any CPU
		{245DB807-4EB7-40F1-9469-EFB977F7E075}.Debug|Any CPU.Build.0 = Debug|Any CPU
		{245DB807-4EB7-40F1-9469-EFB977F7E075}.Release|Any CPU.ActiveCfg = Release|Any CPU
		{245DB807-4EB7-40F1-9469-EFB977F7E075}.Release|Any CPU.Build.0 = Release|Any CPU
	EndGlobalSection
	GlobalSection(SolutionProperties) = preSolution
		HideSolutionNode = FALSE
	EndGlobalSection
	GlobalSection(ExtensibilityGlobals) = postSolution
		SolutionGuid = {DC7891E2-82DD-4A83-A279-CB630E5992E0}
	EndGlobalSection
EndGlobal
