
Microsoft Visual Studio Solution File, Format Version 12.00
# Visual Studio Version 17
VisualStudioVersion = 17.1.32421.90
MinimumVisualStudioVersion = 10.0.40219.1
Project("{FAE04EC0-301F-11D3-BF4B-00C04F79EFBC}") = "SampleConsoleApp", "SampleConsoleApp.csproj", "{23EC14FA-F9E0-443C-8E9E-2BDC65003566}"
EndProject
Global
	GlobalSection(SolutionConfigurationPlatforms) = preSolution
		Debug|Any CPU = Debug|Any CPU
		Release|Any CPU = Release|Any CPU
	EndGlobalSection
	GlobalSection(ProjectConfigurationPlatforms) = postSolution
		{23EC14FA-F9E0-443C-8E9E-2BDC65003566}.Debug|Any CPU.ActiveCfg = Debug|Any CPU
		{23EC14FA-F9E0-443C-8E9E-2BDC65003566}.Debug|Any CPU.Build.0 = Debug|Any CPU
		{23EC14FA-F9E0-443C-8E9E-2BDC65003566}.Release|Any CPU.ActiveCfg = Release|Any CPU
		{23EC14FA-F9E0-443C-8E9E-2BDC65003566}.Release|Any CPU.Build.0 = Release|Any CPU
	EndGlobalSection
	GlobalSection(SolutionProperties) = preSolution
		HideSolutionNode = FALSE
	EndGlobalSection
	GlobalSection(ExtensibilityGlobals) = postSolution
		SolutionGuid = {0E62B4AE-0A12-4BDA-ABBB-E4260C3B638D}
	EndGlobalSection
EndGlobal
